
Microsoft Visual Studio Solution File, Format Version 12.00
# Visual Studio 15
VisualStudioVersion = 15.0.28010.2003
MinimumVisualStudioVersion = 10.0.40219.1
Project("{FAE04EC0-301F-11D3-BF4B-00C04F79EFBC}") = "RestSharpDemo", "RestSharpDemo\RestSharpDemo.csproj", "{2C3F1DEA-62C9-4D9F-BBF7-98802E1B2409}"
EndProject
Global
	GlobalSection(SolutionConfigurationPlatforms) = preSolution
		Debug|Any CPU = Debug|Any CPU
		Release|Any CPU = Release|Any CPU
	EndGlobalSection
	GlobalSection(ProjectConfigurationPlatforms) = postSolution
		{2C3F1DEA-62C9-4D9F-BBF7-98802E1B2409}.Debug|Any CPU.ActiveCfg = Debug|Any CPU
		{2C3F1DEA-62C9-4D9F-BBF7-98802E1B2409}.Debug|Any CPU.Build.0 = Debug|Any CPU
		{2C3F1DEA-62C9-4D9F-BBF7-98802E1B2409}.Release|Any CPU.ActiveCfg = Release|Any CPU
		{2C3F1DEA-62C9-4D9F-BBF7-98802E1B2409}.Release|Any CPU.Build.0 = Release|Any CPU
	EndGlobalSection
	GlobalSection(SolutionProperties) = preSolution
		HideSolutionNode = FALSE
	EndGlobalSection
	GlobalSection(ExtensibilityGlobals) = postSolution
		SolutionGuid = {A16E59B0-5A2C-458F-856B-6FAF23EE90D6}
	EndGlobalSection
EndGlobal
